
Microsoft Visual Studio Solution File, Format Version 12.00
# Visual Studio 2012
Project("{D954291E-2A0B-460D-934E-DC6B0785DB48}") = "comiket_aobayama", "comiket_aobayama\comiket_aobayama.shproj", "{CB46286B-E8A4-4FEB-ADBD-60032777D93E}"
EndProject
Project("{FAE04EC0-301F-11D3-BF4B-00C04F79EFBC}") = "comiket_aobayama.iOS", "iOS\comiket_aobayama.iOS.csproj", "{29203942-705E-40EA-8568-66EEF4BA4F90}"
EndProject
Project("{FAE04EC0-301F-11D3-BF4B-00C04F79EFBC}") = "comiket_aobayama.Droid", "Droid\comiket_aobayama.Droid.csproj", "{A2AF1261-0EED-428F-AED0-B9B33E11879E}"
EndProject
Global
	GlobalSection(SolutionConfigurationPlatforms) = preSolution
		Debug|iPhoneSimulator = Debug|iPhoneSimulator
		Release|iPhone = Release|iPhone
		Release|iPhoneSimulator = Release|iPhoneSimulator
		Debug|iPhone = Debug|iPhone
		Debug|Any CPU = Debug|Any CPU
		Release|Any CPU = Release|Any CPU
	EndGlobalSection
	GlobalSection(ProjectConfigurationPlatforms) = postSolution
		{29203942-705E-40EA-8568-66EEF4BA4F90}.Debug|iPhoneSimulator.ActiveCfg = Debug|iPhoneSimulator
		{29203942-705E-40EA-8568-66EEF4BA4F90}.Debug|iPhoneSimulator.Build.0 = Debug|iPhoneSimulator
		{29203942-705E-40EA-8568-66EEF4BA4F90}.Release|iPhone.ActiveCfg = Release|iPhone
		{29203942-705E-40EA-8568-66EEF4BA4F90}.Release|iPhone.Build.0 = Release|iPhone
		{29203942-705E-40EA-8568-66EEF4BA4F90}.Release|iPhoneSimulator.ActiveCfg = Release|iPhoneSimulator
		{29203942-705E-40EA-8568-66EEF4BA4F90}.Release|iPhoneSimulator.Build.0 = Release|iPhoneSimulator
		{29203942-705E-40EA-8568-66EEF4BA4F90}.Debug|iPhone.ActiveCfg = Debug|iPhone
		{29203942-705E-40EA-8568-66EEF4BA4F90}.Debug|iPhone.Build.0 = Debug|iPhone
		{29203942-705E-40EA-8568-66EEF4BA4F90}.Debug|Any CPU.ActiveCfg = Debug|iPhoneSimulator
		{29203942-705E-40EA-8568-66EEF4BA4F90}.Debug|Any CPU.Build.0 = Debug|iPhoneSimulator
		{29203942-705E-40EA-8568-66EEF4BA4F90}.Release|Any CPU.ActiveCfg = Release|iPhone
		{29203942-705E-40EA-8568-66EEF4BA4F90}.Release|Any CPU.Build.0 = Release|iPhone
		{A2AF1261-0EED-428F-AED0-B9B33E11879E}.Debug|iPhoneSimulator.ActiveCfg = Debug|Any CPU
		{A2AF1261-0EED-428F-AED0-B9B33E11879E}.Debug|iPhoneSimulator.Build.0 = Debug|Any CPU
		{A2AF1261-0EED-428F-AED0-B9B33E11879E}.Release|iPhone.ActiveCfg = Release|Any CPU
		{A2AF1261-0EED-428F-AED0-B9B33E11879E}.Release|iPhone.Build.0 = Release|Any CPU
		{A2AF1261-0EED-428F-AED0-B9B33E11879E}.Release|iPhoneSimulator.ActiveCfg = Release|Any CPU
		{A2AF1261-0EED-428F-AED0-B9B33E11879E}.Release|iPhoneSimulator.Build.0 = Release|Any CPU
		{A2AF1261-0EED-428F-AED0-B9B33E11879E}.Debug|iPhone.ActiveCfg = Debug|Any CPU
		{A2AF1261-0EED-428F-AED0-B9B33E11879E}.Debug|iPhone.Build.0 = Debug|Any CPU
		{A2AF1261-0EED-428F-AED0-B9B33E11879E}.Debug|Any CPU.ActiveCfg = Debug|Any CPU
		{A2AF1261-0EED-428F-AED0-B9B33E11879E}.Debug|Any CPU.Build.0 = Debug|Any CPU
		{A2AF1261-0EED-428F-AED0-B9B33E11879E}.Release|Any CPU.ActiveCfg = Release|Any CPU
		{A2AF1261-0EED-428F-AED0-B9B33E11879E}.Release|Any CPU.Build.0 = Release|Any CPU
	EndGlobalSection
EndGlobal
